PODS:
  - Alamofire (5.0.0-beta.2)
  - Kingfisher (5.1.1)

DEPENDENCIES:
  - Alamofire (~> 5.0.0-beta.2)
  - Kingfisher (~> 5.0)

SPEC REPOS:
  https://github.com/cocoapods/specs.git:
    - Alamofire
    - Kingfisher

SPEC CHECKSUMS:
  Alamofire: d1e5493588babe3e7b56ae29e8032942f4de09fe
  Kingfisher: 2558186963e5be42d98c5b110ccb3130148b77e4

PODFILE CHECKSUM: 129a26637a976e08dd65a629178904d8df06c4b7

COCOAPODS: 1.6.0
